
Microsoft Visual Studio Solution File, Format Version 12.00
# Visual Studio Version 17
VisualStudioVersion = 17.9.34714.143
MinimumVisualStudioVersion = 10.0.40219.1
Project("{FAE04EC0-301F-11D3-BF4B-00C04F79EFBC}") = "Server", "Server\Server.csproj", "{B3B8CBC7-9914-4513-8484-801353738B67}"
EndProject
Project("{FAE04EC0-301F-11D3-BF4B-00C04F79EFBC}") = "Client", "Client\Client.csproj", "{8695C9E6-8829-4DA3-8984-8C6F75F6F06A}"
EndProject
Project("{FAE04EC0-301F-11D3-BF4B-00C04F79EFBC}") = "BaseLibrary", "BaseLibrary\BaseLibrary.csproj", "{943B5ED6-B8C1-4966-82AF-2024CD9AA52D}"
EndProject
Project("{FAE04EC0-301F-11D3-BF4B-00C04F79EFBC}") = "ClientLibrary", "ClientLibrary\ClientLibrary.csproj", "{0ABA9A6F-C965-4503-A430-0CA0AC9B4F9E}"
EndProject
Project("{FAE04EC0-301F-11D3-BF4B-00C04F79EFBC}") = "ServerLibrary", "ServerLibrary\ServerLibrary.csproj", "{AD5017C1-D670-4A96-83F2-42112B8AAB3F}"
EndProject
Global
	GlobalSection(SolutionConfigurationPlatforms) = preSolution
		Debug|Any CPU = Debug|Any CPU
		Release|Any CPU = Release|Any CPU
	EndGlobalSection
	GlobalSection(ProjectConfigurationPlatforms) = postSolution
		{B3B8CBC7-9914-4513-8484-801353738B67}.Debug|Any CPU.ActiveCfg = Debug|Any CPU
		{B3B8CBC7-9914-4513-8484-801353738B67}.Debug|Any CPU.Build.0 = Debug|Any CPU
		{B3B8CBC7-9914-4513-8484-801353738B67}.Release|Any CPU.ActiveCfg = Release|Any CPU
		{B3B8CBC7-9914-4513-8484-801353738B67}.Release|Any CPU.Build.0 = Release|Any CPU
		{8695C9E6-8829-4DA3-8984-8C6F75F6F06A}.Debug|Any CPU.ActiveCfg = Debug|Any CPU
		{8695C9E6-8829-4DA3-8984-8C6F75F6F06A}.Debug|Any CPU.Build.0 = Debug|Any CPU
		{8695C9E6-8829-4DA3-8984-8C6F75F6F06A}.Release|Any CPU.ActiveCfg = Release|Any CPU
		{8695C9E6-8829-4DA3-8984-8C6F75F6F06A}.Release|Any CPU.Build.0 = Release|Any CPU
		{943B5ED6-B8C1-4966-82AF-2024CD9AA52D}.Debug|Any CPU.ActiveCfg = Debug|Any CPU
		{943B5ED6-B8C1-4966-82AF-2024CD9AA52D}.Debug|Any CPU.Build.0 = Debug|Any CPU
		{943B5ED6-B8C1-4966-82AF-2024CD9AA52D}.Release|Any CPU.ActiveCfg = Release|Any CPU
		{943B5ED6-B8C1-4966-82AF-2024CD9AA52D}.Release|Any CPU.Build.0 = Release|Any CPU
		{0ABA9A6F-C965-4503-A430-0CA0AC9B4F9E}.Debug|Any CPU.ActiveCfg = Debug|Any CPU
		{0ABA9A6F-C965-4503-A430-0CA0AC9B4F9E}.Debug|Any CPU.Build.0 = Debug|Any CPU
		{0ABA9A6F-C965-4503-A430-0CA0AC9B4F9E}.Release|Any CPU.ActiveCfg = Release|Any CPU
		{0ABA9A6F-C965-4503-A430-0CA0AC9B4F9E}.Release|Any CPU.Build.0 = Release|Any CPU
		{AD5017C1-D670-4A96-83F2-42112B8AAB3F}.Debug|Any CPU.ActiveCfg = Debug|Any CPU
		{AD5017C1-D670-4A96-83F2-42112B8AAB3F}.Debug|Any CPU.Build.0 = Debug|Any CPU
		{AD5017C1-D670-4A96-83F2-42112B8AAB3F}.Release|Any CPU.ActiveCfg = Release|Any CPU
		{AD5017C1-D670-4A96-83F2-42112B8AAB3F}.Release|Any CPU.Build.0 = Release|Any CPU
	EndGlobalSection
	GlobalSection(SolutionProperties) = preSolution
		HideSolutionNode = FALSE
	EndGlobalSection
	GlobalSection(ExtensibilityGlobals) = postSolution
		SolutionGuid = {58B7BC35-9FC6-4BE0-A521-5D34575BDD0E}
	EndGlobalSection
EndGlobal
